
Microsoft Visual Studio Solution File, Format Version 12.00
# Visual Studio Version 17
VisualStudioVersion = 17.5.33516.290
MinimumVisualStudioVersion = 10.0.40219.1
Project("{FAE04EC0-301F-11D3-BF4B-00C04F79EFBC}") = "TestSocketClient", "TestSocketClient\TestSocketClient.csproj", "{50287107-11FD-4B30-B5AC-4F3F984BBFE6}"
EndProject
Project("{FAE04EC0-301F-11D3-BF4B-00C04F79EFBC}") = "ClientForm", "ClientForm\ClientForm.csproj", "{B05798B8-9404-480B-962E-FC1C3B93636A}"
EndProject
Global
	GlobalSection(SolutionConfigurationPlatforms) = preSolution
		Debug|Any CPU = Debug|Any CPU
		Release|Any CPU = Release|Any CPU
	EndGlobalSection
	GlobalSection(ProjectConfigurationPlatforms) = postSolution
		{50287107-11FD-4B30-B5AC-4F3F984BBFE6}.Debug|Any CPU.ActiveCfg = Debug|Any CPU
		{50287107-11FD-4B30-B5AC-4F3F984BBFE6}.Debug|Any CPU.Build.0 = Debug|Any CPU
		{50287107-11FD-4B30-B5AC-4F3F984BBFE6}.Release|Any CPU.ActiveCfg = Release|Any CPU
		{50287107-11FD-4B30-B5AC-4F3F984BBFE6}.Release|Any CPU.Build.0 = Release|Any CPU
		{B05798B8-9404-480B-962E-FC1C3B93636A}.Debug|Any CPU.ActiveCfg = Debug|Any CPU
		{B05798B8-9404-480B-962E-FC1C3B93636A}.Debug|Any CPU.Build.0 = Debug|Any CPU
		{B05798B8-9404-480B-962E-FC1C3B93636A}.Release|Any CPU.ActiveCfg = Release|Any CPU
		{B05798B8-9404-480B-962E-FC1C3B93636A}.Release|Any CPU.Build.0 = Release|Any CPU
	EndGlobalSection
	GlobalSection(SolutionProperties) = preSolution
		HideSolutionNode = FALSE
	EndGlobalSection
	GlobalSection(ExtensibilityGlobals) = postSolution
		SolutionGuid = {B9700FFD-2D98-4402-874B-40FC2EBDAF36}
	EndGlobalSection
EndGlobal
